// !$*UTF8*$!
{
	archiveVersion = 1;
	classes = {
	};
	objectVersion = 46;
	objects = {

/* Begin PBXBuildFile section */
		31951630BAC166C648CBA357 /* libPods-Message Torch.a in Frameworks */ = {isa = PBXBuildFile; fileRef = 8E5E41984E23A96B9A001EB4 /* libPods-Message Torch.a */; };
		E01EACAD1B95E27D00731B97 /* DeviceCell.swift in Sources */ = {isa = PBXBuildFile; fileRef = E01EACAC1B95E27D00731B97 /* DeviceCell.swift */; };
		E023DBB91B9C0631008107AA /* Assets in Resources */ = {isa = PBXBuildFile; fileRef = E023DBB51B9C0631008107AA /* Assets */; };
		E0DCD4351B6EF07A00E04219 /* AppDelegate.swift in Sources */ = {isa = PBXBuildFile; fileRef = E0DCD4341B6EF07A00E04219 /* AppDelegate.swift */; };
		E0DCD4371B6EF07A00E04219 /* MasterViewController.swift in Sources */ = {isa = PBXBuildFile; fileRef = E0DCD4361B6EF07A00E04219 /* MasterViewController.swift */; };
		E0DCD4391B6EF07A00E04219 /* DetailViewController.swift in Sources */ = {isa = PBXBuildFile; fileRef = E0DCD4381B6EF07A00E04219 /* DetailViewController.swift */; };
		E0DCD43C1B6EF07A00E04219 /* Main.storyboard in Resources */ = {isa = PBXBuildFile; fileRef = E0DCD43A1B6EF07A00E04219 /* Main.storyboard */; };
		E0DCD43E1B6EF07A00E04219 /* Images.xcassets in Resources */ = {isa = PBXBuildFile; fileRef = E0DCD43D1B6EF07A00E04219 /* Images.xcassets */; };
		E0DCD4411B6EF07A00E04219 /* LaunchScreen.xib in Resources */ = {isa = PBXBuildFile; fileRef = E0DCD43F1B6EF07A00E04219 /* LaunchScreen.xib */; };
		E0DCD44D1B6EF07A00E04219 /* Message_TorchTests.swift in Sources */ = {isa = PBXBuildFile; fileRef = E0DCD44C1B6EF07A00E04219 /* Message_TorchTests.swift */; };
		E0DCD4591B7300FF00E04219 /* MTService.swift in Sources */ = {isa = PBXBuildFile; fileRef = E0DCD4581B7300FF00E04219 /* MTService.swift */; };
		E0EB79251B9E9E1C008576C4 /* iOS_Color_Picker.framework in Frameworks */ = {isa = PBXBuildFile; fileRef = E0EB79241B9E9E1C008576C4 /* iOS_Color_Picker.framework */; };
/* End PBXBuildFile section */

/* Begin PBXContainerItemProxy section */
		E0DCD4471B6EF07A00E04219 /* PBXContainerItemProxy */ = {
			isa = PBXContainerItemProxy;
			containerPortal = E0DCD4271B6EF07A00E04219 /* Project object */;
			proxyType = 1;
			remoteGlobalIDString = E0DCD42E1B6EF07A00E04219;
			remoteInfo = "Message Torch";
		};
/* End PBXContainerItemProxy section */

/* Begin PBXFileReference section */
		5E2C6F4C68FEB41373225A12 /* Pods-Message Torch.debug.xcconfig */ = {isa = PBXFileReference; includeInIndex = 1; lastKnownFileType = text.xcconfig; name = "Pods-Message Torch.debug.xcconfig"; path = "Pods/Target Support Files/Pods-Message Torch/Pods-Message Torch.debug.xcconfig"; sourceTree = "<group>"; };
		8E5E41984E23A96B9A001EB4 /* libPods-Message Torch.a */ = {isa = PBXFileReference; explicitFileType = archive.ar; includeInIndex = 0; path = "libPods-Message Torch.a"; sourceTree = BUILT_PRODUCTS_DIR; };
		E01EACAC1B95E27D00731B97 /* DeviceCell.swift */ = {isa = PBXFileReference; fileEncoding = 4; lastKnownFileType = sourcecode.swift; path = DeviceCell.swift; sourceTree = "<group>"; };
		E023DBB51B9C0631008107AA /* Assets */ = {isa = PBXFileReference; lastKnownFileType = folder; path = Assets; sourceTree = "<group>"; };
		E0A629781B9C7DE4001F2FDB /* libiOS-Color-Picker.a */ = {isa = PBXFileReference; lastKnownFileType = archive.ar; name = "libiOS-Color-Picker.a"; path = "Pods/../build/Debug-iphoneos/libiOS-Color-Picker.a"; sourceTree = "<group>"; };
		E0DC66851B9D04EE00C1D9E8 /* Message Torch-Bridging-Header.h */ = {isa = PBXFileReference; lastKnownFileType = sourcecode.c.h; path = "Message Torch-Bridging-Header.h"; sourceTree = "<group>"; };
		E0DCD42F1B6EF07A00E04219 /* Message Torch.app */ = {isa = PBXFileReference; explicitFileType = wrapper.application; includeInIndex = 0; path = "Message Torch.app"; sourceTree = BUILT_PRODUCTS_DIR; };
		E0DCD4331B6EF07A00E04219 /* Info.plist */ = {isa = PBXFileReference; lastKnownFileType = text.plist.xml; path = Info.plist; sourceTree = "<group>"; };
		E0DCD4341B6EF07A00E04219 /* AppDelegate.swift */ = {isa = PBXFileReference; lastKnownFileType = sourcecode.swift; path = AppDelegate.swift; sourceTree = "<group>"; };
		E0DCD4361B6EF07A00E04219 /* MasterViewController.swift */ = {isa = PBXFileReference; lastKnownFileType = sourcecode.swift; path = MasterViewController.swift; sourceTree = "<group>"; };
		E0DCD4381B6EF07A00E04219 /* DetailViewController.swift */ = {isa = PBXFileReference; lastKnownFileType = sourcecode.swift; path = DetailViewController.swift; sourceTree = "<group>"; };
		E0DCD43B1B6EF07A00E04219 /* Base */ = {isa = PBXFileReference; lastKnownFileType = file.storyboard; name = Base; path = Base.lproj/Main.storyboard; sourceTree = "<group>"; };
		E0DCD43D1B6EF07A00E04219 /* Images.xcassets */ = {isa = PBXFileReference; lastKnownFileType = folder.assetcatalog; path = Images.xcassets; sourceTree = "<group>"; };
		E0DCD4401B6EF07A00E04219 /* Base */ = {isa = PBXFileReference; lastKnownFileType = file.xib; name = Base; path = Base.lproj/LaunchScreen.xib; sourceTree = "<group>"; };
		E0DCD4461B6EF07A00E04219 /* Message TorchTests.xctest */ = {isa = PBXFileReference; explicitFileType = wrapper.cfbundle; includeInIndex = 0; path = "Message TorchTests.xctest"; sourceTree = BUILT_PRODUCTS_DIR; };
		E0DCD44B1B6EF07A00E04219 /* Info.plist */ = {isa = PBXFileReference; lastKnownFileType = text.plist.xml; path = Info.plist; sourceTree = "<group>"; };
		E0DCD44C1B6EF07A00E04219 /* Message_TorchTests.swift */ = {isa = PBXFileReference; lastKnownFileType = sourcecode.swift; path = Message_TorchTests.swift; sourceTree = "<group>"; };
		E0DCD4581B7300FF00E04219 /* MTService.swift */ = {isa = PBXFileReference; fileEncoding = 4; lastKnownFileType = sourcecode.swift; path = MTService.swift; sourceTree = "<group>"; };
		E0EB79241B9E9E1C008576C4 /* iOS_Color_Picker.framework */ = {isa = PBXFileReference; lastKnownFileType = wrapper.framework; name = iOS_Color_Picker.framework; path = "Pods/../build/Debug-iphoneos/iOS_Color_Picker.framework"; sourceTree = "<group>"; };
		FD5D1B941192DEED1862EA2F /* Pods-Message Torch.release.xcconfig */ = {isa = PBXFileReference; includeInIndex = 1; lastKnownFileType = text.xcconfig; name = "Pods-Message Torch.release.xcconfig"; path = "Pods/Target Support Files/Pods-Message Torch/Pods-Message Torch.release.xcconfig"; sourceTree = "<group>"; };
/* End PBXFileReference section */

/* Begin PBXFrameworksBuildPhase section */
		E0DCD42C1B6EF07A00E04219 /* Frameworks */ = {
			isa = PBXFrameworksBuildPhase;
			buildActionMask = 2147483647;
			files = (
				E0EB79251B9E9E1C008576C4 /* iOS_Color_Picker.framework in Frameworks */,
				31951630BAC166C648CBA357 /* libPods-Message Torch.a in Frameworks */,
			);
			runOnlyForDeploymentPostprocessing = 0;
		};
		E0DCD4431B6EF07A00E04219 /* Frameworks */ = {
			isa = PBXFrameworksBuildPhase;
			buildActionMask = 2147483647;
			files = (
			);
			runOnlyForDeploymentPostprocessing = 0;
		};
/* End PBXFrameworksBuildPhase section */

/* Begin PBXGroup section */
		AB934EDBF40611481DDF2A9E /* Frameworks */ = {
			isa = PBXGroup;
			children = (
				E0EB79241B9E9E1C008576C4 /* iOS_Color_Picker.framework */,
				E0A629781B9C7DE4001F2FDB /* libiOS-Color-Picker.a */,
				8E5E41984E23A96B9A001EB4 /* libPods-Message Torch.a */,
			);
			name = Frameworks;
			sourceTree = "<group>";
		};
		E0DCD4261B6EF07A00E04219 = {
			isa = PBXGroup;
			children = (
				E0DCD4311B6EF07A00E04219 /* Message Torch */,
				E0DCD4491B6EF07A00E04219 /* Message TorchTests */,
				E0DCD4301B6EF07A00E04219 /* Products */,
				AB934EDBF40611481DDF2A9E /* Frameworks */,
				ED6315B9F93850A1F1543969 /* Pods */,
			);
			sourceTree = "<group>";
		};
		E0DCD4301B6EF07A00E04219 /* Products */ = {
			isa = PBXGroup;
			children = (
				E0DCD42F1B6EF07A00E04219 /* Message Torch.app */,
				E0DCD4461B6EF07A00E04219 /* Message TorchTests.xctest */,
			);
			name = Products;
			sourceTree = "<group>";
		};
		E0DCD4311B6EF07A00E04219 /* Message Torch */ = {
			isa = PBXGroup;
			children = (
				E023DBB51B9C0631008107AA /* Assets */,
				E0DCD4341B6EF07A00E04219 /* AppDelegate.swift */,
				E0DCD4361B6EF07A00E04219 /* MasterViewController.swift */,
				E0DCD4381B6EF07A00E04219 /* DetailViewController.swift */,
				E0DCD43A1B6EF07A00E04219 /* Main.storyboard */,
				E0DCD43D1B6EF07A00E04219 /* Images.xcassets */,
				E0DCD43F1B6EF07A00E04219 /* LaunchScreen.xib */,
				E0DCD4321B6EF07A00E04219 /* Supporting Files */,
				E0DCD4581B7300FF00E04219 /* MTService.swift */,
				E01EACAC1B95E27D00731B97 /* DeviceCell.swift */,
				E0DC66851B9D04EE00C1D9E8 /* Message Torch-Bridging-Header.h */,
			);
			path = "Message Torch";
			sourceTree = "<group>";
		};
		E0DCD4321B6EF07A00E04219 /* Supporting Files */ = {
			isa = PBXGroup;
			children = (
				E0DCD4331B6EF07A00E04219 /* Info.plist */,
			);
			name = "Supporting Files";
			sourceTree = "<group>";
		};
		E0DCD4491B6EF07A00E04219 /* Message TorchTests */ = {
			isa = PBXGroup;
			children = (
				E0DCD44C1B6EF07A00E04219 /* Message_TorchTests.swift */,
				E0DCD44A1B6EF07A00E04219 /* Supporting Files */,
			);
			path = "Message TorchTests";
			sourceTree = "<group>";
		};
		E0DCD44A1B6EF07A00E04219 /* Supporting Files */ = {
			isa = PBXGroup;
			children = (
				E0DCD44B1B6EF07A00E04219 /* Info.plist */,
			);
			name = "Supporting Files";
			sourceTree = "<group>";
		};
		ED6315B9F93850A1F1543969 /* Pods */ = {
			isa = PBXGroup;
			children = (
				5E2C6F4C68FEB41373225A12 /* Pods-Message Torch.debug.xcconfig */,
				FD5D1B941192DEED1862EA2F /* Pods-Message Torch.release.xcconfig */,
			);
			name = Pods;
			sourceTree = "<group>";
		};
/* End PBXGroup section */

/* Begin PBXNativeTarget section */
		E0DCD42E1B6EF07A00E04219 /* Message Torch */ = {
			isa = PBXNativeTarget;
			buildConfigurationList = E0DCD4501B6EF07A00E04219 /* Build configuration list for PBXNativeTarget "Message Torch" */;
			buildPhases = (
				C217953ED76417591822DBFA /* 📦 Check Pods Manifest.lock */,
				E0DCD42B1B6EF07A00E04219 /* Sources */,
				E0DCD42C1B6EF07A00E04219 /* Frameworks */,
				E0DCD42D1B6EF07A00E04219 /* Resources */,
				B4661E8B995AFC57C0B1DBB8 /* 📦 Embed Pods Frameworks */,
				F86EFFE3A31E22DDE64E8297 /* 📦 Copy Pods Resources */,
			);
			buildRules = (
			);
			dependencies = (
			);
			name = "Message Torch";
			productName = "Message Torch";
			productReference = E0DCD42F1B6EF07A00E04219 /* Message Torch.app */;
			productType = "com.apple.product-type.application";
		};
		E0DCD4451B6EF07A00E04219 /* Message TorchTests */ = {
			isa = PBXNativeTarget;
			buildConfigurationList = E0DCD4531B6EF07A00E04219 /* Build configuration list for PBXNativeTarget "Message TorchTests" */;
			buildPhases = (
				E0DCD4421B6EF07A00E04219 /* Sources */,
				E0DCD4431B6EF07A00E04219 /* Frameworks */,
				E0DCD4441B6EF07A00E04219 /* Resources */,
			);
			buildRules = (
			);
			dependencies = (
				E0DCD4481B6EF07A00E04219 /* PBXTargetDependency */,
			);
			name = "Message TorchTests";
			productName = "Message TorchTests";
			productReference = E0DCD4461B6EF07A00E04219 /* Message TorchTests.xctest */;
			productType = "com.apple.product-type.bundle.unit-test";
		};
/* End PBXNativeTarget section */

/* Begin PBXProject section */
		E0DCD4271B6EF07A00E04219 /* Project object */ = {
			isa = PBXProject;
			attributes = {
				LastSwiftUpdateCheck = 0710;
				LastUpgradeCheck = 0710;
				ORGANIZATIONNAME = "Daniel O'Connor";
				TargetAttributes = {
					E0DCD42E1B6EF07A00E04219 = {
						CreatedOnToolsVersion = 6.4;
						DevelopmentTeam = TN26UBA8J9;
					};
					E0DCD4451B6EF07A00E04219 = {
						CreatedOnToolsVersion = 6.4;
						TestTargetID = E0DCD42E1B6EF07A00E04219;
					};
				};
			};
			buildConfigurationList = E0DCD42A1B6EF07A00E04219 /* Build configuration list for PBXProject "Message Torch" */;
			compatibilityVersion = "Xcode 3.2";
			developmentRegion = English;
			hasScannedForEncodings = 0;
			knownRegions = (
				en,
				Base,
			);
			mainGroup = E0DCD4261B6EF07A00E04219;
			productRefGroup = E0DCD4301B6EF07A00E04219 /* Products */;
			projectDirPath = "";
			projectRoot = "";
			targets = (
				E0DCD42E1B6EF07A00E04219 /* Message Torch */,
				E0DCD4451B6EF07A00E04219 /* Message TorchTests */,
			);
		};
/* End PBXProject section */

/* Begin PBXResourcesBuildPhase section */
		E0DCD42D1B6EF07A00E04219 /* Resources */ = {
			isa = PBXResourcesBuildPhase;
			buildActionMask = 2147483647;
			files = (
				E0DCD43C1B6EF07A00E04219 /* Main.storyboard in Resources */,
				E023DBB91B9C0631008107AA /* Assets in Resources */,
				E0DCD4411B6EF07A00E04219 /* LaunchScreen.xib in Resources */,
				E0DCD43E1B6EF07A00E04219 /* Images.xcassets in Resources */,
			);
			runOnlyForDeploymentPostprocessing = 0;
		};
		E0DCD4441B6EF07A00E04219 /* Resources */ = {
			isa = PBXResourcesBuildPhase;
			buildActionMask = 2147483647;
			files = (
			);
			runOnlyForDeploymentPostprocessing = 0;
		};
/* End PBXResourcesBuildPhase section */

/* Begin PBXShellScriptBuildPhase section */
		B4661E8B995AFC57C0B1DBB8 /* 📦 Embed Pods Frameworks */ = {
			isa = PBXShellScriptBuildPhase;
			buildActionMask = 2147483647;
			files = (
			);
			inputPaths = (
			);
			name = "📦 Embed Pods Frameworks";
			outputPaths = (
			);
			runOnlyForDeploymentPostprocessing = 0;
			shellPath = /bin/sh;
			shellScript = "\"${SRCROOT}/Pods/Target Support Files/Pods-Message Torch/Pods-Message Torch-frameworks.sh\"\n";
			showEnvVarsInLog = 0;
		};
		C217953ED76417591822DBFA /* 📦 Check Pods Manifest.lock */ = {
			isa = PBXShellScriptBuildPhase;
			buildActionMask = 2147483647;
			files = (
			);
			inputPaths = (
			);
			name = "📦 Check Pods Manifest.lock";
			outputPaths = (
			);
			runOnlyForDeploymentPostprocessing = 0;
			shellPath = /bin/sh;
			shellScript = "diff \"${PODS_ROOT}/../Podfile.lock\" \"${PODS_ROOT}/Manifest.lock\" > /dev/null\nif [[ $? != 0 ]] ; then\n    cat << EOM\nerror: The sandbox is not in sync with the Podfile.lock. Run 'pod install' or update your CocoaPods installation.\nEOM\n    exit 1\nfi\n";
			showEnvVarsInLog = 0;
		};
		F86EFFE3A31E22DDE64E8297 /* 📦 Copy Pods Resources */ = {
			isa = PBXShellScriptBuildPhase;
			buildActionMask = 2147483647;
			files = (
			);
			inputPaths = (
			);
			name = "📦 Copy Pods Resources";
			outputPaths = (
			);
			runOnlyForDeploymentPostprocessing = 0;
			shellPath = /bin/sh;
			shellScript = "\"${SRCROOT}/Pods/Target Support Files/Pods-Message Torch/Pods-Message Torch-resources.sh\"\n";
			showEnvVarsInLog = 0;
		};
/* End PBXShellScriptBuildPhase section */

/* Begin PBXSourcesBuildPhase section */
		E0DCD42B1B6EF07A00E04219 /* Sources */ = {
			isa = PBXSourcesBuildPhase;
			buildActionMask = 2147483647;
			files = (
				E0DCD4391B6EF07A00E04219 /* DetailViewController.swift in Sources */,
				E0DCD4371B6EF07A00E04219 /* MasterViewController.swift in Sources */,
				E0DCD4351B6EF07A00E04219 /* AppDelegate.swift in Sources */,
				E01EACAD1B95E27D00731B97 /* DeviceCell.swift in Sources */,
				E0DCD4591B7300FF00E04219 /* MTService.swift in Sources */,
			);
			runOnlyForDeploymentPostprocessing = 0;
		};
		E0DCD4421B6EF07A00E04219 /* Sources */ = {
			isa = PBXSourcesBuildPhase;
			buildActionMask = 2147483647;
			files = (
				E0DCD44D1B6EF07A00E04219 /* Message_TorchTests.swift in Sources */,
			);
			runOnlyForDeploymentPostprocessing = 0;
		};
/* End PBXSourcesBuildPhase section */

/* Begin PBXTargetDependency section */
		E0DCD4481B6EF07A00E04219 /* PBXTargetDependency */ = {
			isa = PBXTargetDependency;
			target = E0DCD42E1B6EF07A00E04219 /* Message Torch */;
			targetProxy = E0DCD4471B6EF07A00E04219 /* PBXContainerItemProxy */;
		};
/* End PBXTargetDependency section */

/* Begin PBXVariantGroup section */
		E0DCD43A1B6EF07A00E04219 /* Main.storyboard */ = {
			isa = PBXVariantGroup;
			children = (
				E0DCD43B1B6EF07A00E04219 /* Base */,
			);
			name = Main.storyboard;
			sourceTree = "<group>";
		};
		E0DCD43F1B6EF07A00E04219 /* LaunchScreen.xib */ = {
			isa = PBXVariantGroup;
			children = (
				E0DCD4401B6EF07A00E04219 /* Base */,
			);
			name = LaunchScreen.xib;
			sourceTree = "<group>";
		};
/* End PBXVariantGroup section */

/* Begin XCBuildConfiguration section */
		E0DCD44E1B6EF07A00E04219 /* Debug */ = {
			isa = XCBuildConfiguration;
			buildSettings = {
				ALWAYS_SEARCH_USER_PATHS = NO;
				CLANG_CXX_LANGUAGE_STANDARD = "gnu++0x";
				CLANG_CXX_LIBRARY = "libc++";
				CLANG_ENABLE_MODULES = YES;
				CLANG_ENABLE_OBJC_ARC = YES;
				CLANG_WARN_BOOL_CONVERSION = YES;
				CLANG_WARN_CONSTANT_CONVERSION = YES;
				CLANG_WARN_DIRECT_OBJC_ISA_USAGE = YES_ERROR;
				CLANG_WARN_EMPTY_BODY = YES;
				CLANG_WARN_ENUM_CONVERSION = YES;
				CLANG_WARN_INT_CONVERSION = YES;
				CLANG_WARN_OBJC_ROOT_CLASS = YES_ERROR;
				CLANG_WARN_UNREACHABLE_CODE = YES;
				CLANG_WARN__DUPLICATE_METHOD_MATCH = YES;
				"CODE_SIGN_IDENTITY[sdk=iphoneos*]" = "iPhone Developer";
				COPY_PHASE_STRIP = NO;
				DEBUG_INFORMATION_FORMAT = "dwarf-with-dsym";
				ENABLE_STRICT_OBJC_MSGSEND = YES;
				ENABLE_TESTABILITY = YES;
				GCC_C_LANGUAGE_STANDARD = gnu99;
				GCC_DYNAMIC_NO_PIC = NO;
				GCC_NO_COMMON_BLOCKS = YES;
				GCC_OPTIMIZATION_LEVEL = 0;
				GCC_PREPROCESSOR_DEFINITIONS = (
					"DEBUG=1",
					"$(inherited)",
				);
				GCC_SYMBOLS_PRIVATE_EXTERN = NO;
				GCC_WARN_64_TO_32_BIT_CONVERSION = YES;
				GCC_WARN_ABOUT_RETURN_TYPE = YES_ERROR;
				GCC_WARN_UNDECLARED_SELECTOR = YES;
				GCC_WARN_UNINITIALIZED_AUTOS = YES_AGGRESSIVE;
				GCC_WARN_UNUSED_FUNCTION = YES;
				GCC_WARN_UNUSED_VARIABLE = YES;
				IPHONEOS_DEPLOYMENT_TARGET = 9.3;
				MTL_ENABLE_DEBUG_INFO = YES;
				ONLY_ACTIVE_ARCH = YES;
				SDKROOT = iphoneos;
				SWIFT_OPTIMIZATION_LEVEL = "-Onone";
				TARGETED_DEVICE_FAMILY = "1,2";
			};
			name = Debug;
		};
		E0DCD44F1B6EF07A00E04219 /* Release */ = {
			isa = XCBuildConfiguration;
			buildSettings = {
				ALWAYS_SEARCH_USER_PATHS = NO;
				CLANG_CXX_LANGUAGE_STANDARD = "gnu++0x";
				CLANG_CXX_LIBRARY = "libc++";
				CLANG_ENABLE_MODULES = YES;
				CLANG_ENABLE_OBJC_ARC = YES;
				CLANG_WARN_BOOL_CONVERSION = YES;
				CLANG_WARN_CONSTANT_CONVERSION = YES;
				CLANG_WARN_DIRECT_OBJC_ISA_USAGE = YES_ERROR;
				CLANG_WARN_EMPTY_BODY = YES;
				CLANG_WARN_ENUM_CONVERSION = YES;
				CLANG_WARN_INT_CONVERSION = YES;
				CLANG_WARN_OBJC_ROOT_CLASS = YES_ERROR;
				CLANG_WARN_UNREACHABLE_CODE = YES;
				CLANG_WARN__DUPLICATE_METHOD_MATCH = YES;
				"CODE_SIGN_IDENTITY[sdk=iphoneos*]" = "iPhone Developer";
				COPY_PHASE_STRIP = NO;
				DEBUG_INFORMATION_FORMAT = "dwarf-with-dsym";
				ENABLE_NS_ASSERTIONS = NO;
				ENABLE_STRICT_OBJC_MSGSEND = YES;
				GCC_C_LANGUAGE_STANDARD = gnu99;
				GCC_NO_COMMON_BLOCKS = YES;
				GCC_WARN_64_TO_32_BIT_CONVERSION = YES;
				GCC_WARN_ABOUT_RETURN_TYPE = YES_ERROR;
				GCC_WARN_UNDECLARED_SELECTOR = YES;
				GCC_WARN_UNINITIALIZED_AUTOS = YES_AGGRESSIVE;
				GCC_WARN_UNUSED_FUNCTION = YES;
				GCC_WARN_UNUSED_VARIABLE = YES;
				IPHONEOS_DEPLOYMENT_TARGET = 9.3;
				MTL_ENABLE_DEBUG_INFO = NO;
				SDKROOT = iphoneos;
				TARGETED_DEVICE_FAMILY = "1,2";
				VALIDATE_PRODUCT = YES;
			};
			name = Release;
		};
		E0DCD4511B6EF07A00E04219 /* Debug */ = {
			isa = XCBuildConfiguration;
			baseConfigurationReference = 5E2C6F4C68FEB41373225A12 /* Pods-Message Torch.debug.xcconfig */;
			buildSettings = {
				ASSETCATALOG_COMPILER_APPICON_NAME = AppIcon;
				CODE_SIGN_IDENTITY = "iPhone Developer";
				"CODE_SIGN_IDENTITY[sdk=iphoneos*]" = "iPhone Developer";
				FRAMEWORK_SEARCH_PATHS = (
					"$(inherited)",
					"$(PROJECT_DIR)/build/Debug-iphoneos",
				);
				INFOPLIST_FILE = "Message Torch/Info.plist";
				LD_RUNPATH_SEARCH_PATHS = "$(inherited) @executable_path/Frameworks";
				LIBRARY_SEARCH_PATHS = "$(inherited)";
				PRODUCT_BUNDLE_IDENTIFIER = "au.net.dons.$(PRODUCT_NAME:rfc1034identifier)";
				PRODUCT_NAME = "$(TARGET_NAME)";
				PROVISIONING_PROFILE = "";
				SWIFT_OBJC_BRIDGING_HEADER = "$(SRCROOT)/Message Torch/Message Torch-Bridging-Header.h";
				USER_HEADER_SEARCH_PATHS = "$(SRCROOT)/Pods";
			};
			name = Debug;
		};
		E0DCD4521B6EF07A00E04219 /* Release */ = {
			isa = XCBuildConfiguration;
			baseConfigurationReference = FD5D1B941192DEED1862EA2F /* Pods-Message Torch.release.xcconfig */;
			buildSettings = {
				ASSETCATALOG_COMPILER_APPICON_NAME = AppIcon;
				CODE_SIGN_IDENTITY = "iPhone Developer";
				"CODE_SIGN_IDENTITY[sdk=iphoneos*]" = "iPhone Developer";
				FRAMEWORK_SEARCH_PATHS = (
					"$(inherited)",
					"$(PROJECT_DIR)/build/Debug-iphoneos",
				);
				INFOPLIST_FILE = "Message Torch/Info.plist";
				LD_RUNPATH_SEARCH_PATHS = "$(inherited) @executable_path/Frameworks";
				LIBRARY_SEARCH_PATHS = "$(inherited)";
				PRODUCT_BUNDLE_IDENTIFIER = "au.net.dons.$(PRODUCT_NAME:rfc1034identifier)";
				PRODUCT_NAME = "$(TARGET_NAME)";
				PROVISIONING_PROFILE = "";
				SWIFT_OBJC_BRIDGING_HEADER = "$(SRCROOT)/Message Torch/Message Torch-Bridging-Header.h";
				USER_HEADER_SEARCH_PATHS = "$(SRCROOT)/Pods";
			};
			name = Release;
		};
		E0DCD4541B6EF07A00E04219 /* Debug */ = {
			isa = XCBuildConfiguration;
			buildSettings = {
				BUNDLE_LOADER = "$(TEST_HOST)";
				FRAMEWORK_SEARCH_PATHS = (
					"$(SDKROOT)/Developer/Library/Frameworks",
					"$(inherited)",
				);
				GCC_PREPROCESSOR_DEFINITIONS = (
					"DEBUG=1",
					"$(inherited)",
				);
				INFOPLIST_FILE = "Message TorchTests/Info.plist";
				LD_RUNPATH_SEARCH_PATHS = "$(inherited) @executable_path/Frameworks @loader_path/Frameworks";
				PRODUCT_BUNDLE_IDENTIFIER = "au.net.dons.$(PRODUCT_NAME:rfc1034identifier)";
				PRODUCT_NAME = "$(TARGET_NAME)";
				TEST_HOST = "$(BUILT_PRODUCTS_DIR)/Message Torch.app/Message Torch";
			};
			name = Debug;
		};
		E0DCD4551B6EF07A00E04219 /* Release */ = {
			isa = XCBuildConfiguration;
			buildSettings = {
				BUNDLE_LOADER = "$(TEST_HOST)";
				FRAMEWORK_SEARCH_PATHS = (
					"$(SDKROOT)/Developer/Library/Frameworks",
					"$(inherited)",
				);
				INFOPLIST_FILE = "Message TorchTests/Info.plist";
				LD_RUNPATH_SEARCH_PATHS = "$(inherited) @executable_path/Frameworks @loader_path/Frameworks";
				PRODUCT_BUNDLE_IDENTIFIER = "au.net.dons.$(PRODUCT_NAME:rfc1034identifier)";
				PRODUCT_NAME = "$(TARGET_NAME)";
				TEST_HOST = "$(BUILT_PRODUCTS_DIR)/Message Torch.app/Message Torch";
			};
			name = Release;
		};
/* End XCBuildConfiguration section */

/* Begin XCConfigurationList section */
		E0DCD42A1B6EF07A00E04219 /* Build configuration list for PBXProject "Message Torch" */ = {
			isa = XCConfigurationList;
			buildConfigurations = (
				E0DCD44E1B6EF07A00E04219 /* Debug */,
				E0DCD44F1B6EF07A00E04219 /* Release */,
			);
			defaultConfigurationIsVisible = 0;
			defaultConfigurationName = Release;
		};
		E0DCD4501B6EF07A00E04219 /* Build configuration list for PBXNativeTarget "Message Torch" */ = {
			isa = XCConfigurationList;
			buildConfigurations = (
				E0DCD4511B6EF07A00E04219 /* Debug */,
				E0DCD4521B6EF07A00E04219 /* Release */,
			);
			defaultConfigurationIsVisible = 0;
			defaultConfigurationName = Release;
		};
		E0DCD4531B6EF07A00E04219 /* Build configuration list for PBXNativeTarget "Message TorchTests" */ = {
			isa = XCConfigurationList;
			buildConfigurations = (
				E0DCD4541B6EF07A00E04219 /* Debug */,
				E0DCD4551B6EF07A00E04219 /* Release */,
			);
			defaultConfigurationIsVisible = 0;
			defaultConfigurationName = Release;
		};
/* End XCConfigurationList section */
	};
	rootObject = E0DCD4271B6EF07A00E04219 /* Project object */;
}
